
Microsoft Visual Studio Solution File, Format Version 12.00
# Visual Studio Version 16
VisualStudioVersion = 16.0.31112.23
MinimumVisualStudioVersion = 10.0.40219.1
Project("{FAE04EC0-301F-11D3-BF4B-00C04F79EFBC}") = "newApp", "newApp\newApp.csproj", "{EB207B2C-DE32-4B65-8F6F-2C34CB7A8799}"
EndProject
Global
	GlobalSection(SolutionConfigurationPlatforms) = preSolution
		Debug|Any CPU = Debug|Any CPU
		Release|Any CPU = Release|Any CPU
	EndGlobalSection
	GlobalSection(ProjectConfigurationPlatforms) = postSolution
		{EB207B2C-DE32-4B65-8F6F-2C34CB7A8799}.Debug|Any CPU.ActiveCfg = Debug|Any CPU
		{EB207B2C-DE32-4B65-8F6F-2C34CB7A8799}.Debug|Any CPU.Build.0 = Debug|Any CPU
		{EB207B2C-DE32-4B65-8F6F-2C34CB7A8799}.Release|Any CPU.ActiveCfg = Release|Any CPU
		{EB207B2C-DE32-4B65-8F6F-2C34CB7A8799}.Release|Any CPU.Build.0 = Release|Any CPU
	EndGlobalSection
	GlobalSection(SolutionProperties) = preSolution
		HideSolutionNode = FALSE
	EndGlobalSection
	GlobalSection(ExtensibilityGlobals) = postSolution
		SolutionGuid = {1519E6C8-7B3B-4BD7-8751-E80C449B8A0D}
	EndGlobalSection
EndGlobal
